
Microsoft Visual Studio Solution File, Format Version 12.00
# Visual Studio Version 17
VisualStudioVersion = 17.5.33516.290
MinimumVisualStudioVersion = 10.0.40219.1
Project("{FAE04EC0-301F-11D3-BF4B-00C04F79EFBC}") = "Bware", "Bware\Bware.csproj", "{5F16CA40-2FF8-4087-8404-014D2114CC56}"
EndProject
Global
	GlobalSection(SolutionConfigurationPlatforms) = preSolution
		Debug|Any CPU = Debug|Any CPU
		Release|Any CPU = Release|Any CPU
	EndGlobalSection
	GlobalSection(ProjectConfigurationPlatforms) = postSolution
		{5F16CA40-2FF8-4087-8404-014D2114CC56}.Debug|Any CPU.ActiveCfg = Debug|Any CPU
		{5F16CA40-2FF8-4087-8404-014D2114CC56}.Debug|Any CPU.Build.0 = Debug|Any CPU
		{5F16CA40-2FF8-4087-8404-014D2114CC56}.Release|Any CPU.ActiveCfg = Release|Any CPU
		{5F16CA40-2FF8-4087-8404-014D2114CC56}.Release|Any CPU.Build.0 = Release|Any CPU
	EndGlobalSection
	GlobalSection(SolutionProperties) = preSolution
		HideSolutionNode = FALSE
	EndGlobalSection
	GlobalSection(ExtensibilityGlobals) = postSolution
		SolutionGuid = {B6CD0A07-1404-4006-B99A-9B3A6165D590}
	EndGlobalSection
EndGlobal
