
Microsoft Visual Studio Solution File, Format Version 12.00
# Visual Studio Version 17
VisualStudioVersion = 17.5.33516.290
MinimumVisualStudioVersion = 10.0.40219.1
Project("{FAE04EC0-301F-11D3-BF4B-00C04F79EFBC}") = "WebApplication1", "WebApplication1\WebApplication1.csproj", "{81F95B4E-9883-4D98-821E-DF326BD42B09}"
EndProject
Global
	GlobalSection(SolutionConfigurationPlatforms) = preSolution
		Debug|Any CPU = Debug|Any CPU
		Release|Any CPU = Release|Any CPU
	EndGlobalSection
	GlobalSection(ProjectConfigurationPlatforms) = postSolution
		{81F95B4E-9883-4D98-821E-DF326BD42B09}.Debug|Any CPU.ActiveCfg = Debug|Any CPU
		{81F95B4E-9883-4D98-821E-DF326BD42B09}.Debug|Any CPU.Build.0 = Debug|Any CPU
		{81F95B4E-9883-4D98-821E-DF326BD42B09}.Release|Any CPU.ActiveCfg = Release|Any CPU
		{81F95B4E-9883-4D98-821E-DF326BD42B09}.Release|Any CPU.Build.0 = Release|Any CPU
	EndGlobalSection
	GlobalSection(SolutionProperties) = preSolution
		HideSolutionNode = FALSE
	EndGlobalSection
	GlobalSection(ExtensibilityGlobals) = postSolution
		SolutionGuid = {3C01F350-BED1-4EBB-83DF-6CC0176BB83E}
	EndGlobalSection
EndGlobal
