
Microsoft Visual Studio Solution File, Format Version 12.00
# Visual Studio Version 17
VisualStudioVersion = 17.5.33516.290
MinimumVisualStudioVersion = 10.0.40219.1
Project("{FAE04EC0-301F-11D3-BF4B-00C04F79EFBC}") = "FirstAPI", "FirstAPI\FirstAPI.csproj", "{48947970-F3E3-4DE5-B174-3EA6850CC852}"
EndProject
Global
	GlobalSection(SolutionConfigurationPlatforms) = preSolution
		Debug|Any CPU = Debug|Any CPU
		Release|Any CPU = Release|Any CPU
	EndGlobalSection
	GlobalSection(ProjectConfigurationPlatforms) = postSolution
		{48947970-F3E3-4DE5-B174-3EA6850CC852}.Debug|Any CPU.ActiveCfg = Debug|Any CPU
		{48947970-F3E3-4DE5-B174-3EA6850CC852}.Debug|Any CPU.Build.0 = Debug|Any CPU
		{48947970-F3E3-4DE5-B174-3EA6850CC852}.Release|Any CPU.ActiveCfg = Release|Any CPU
		{48947970-F3E3-4DE5-B174-3EA6850CC852}.Release|Any CPU.Build.0 = Release|Any CPU
	EndGlobalSection
	GlobalSection(SolutionProperties) = preSolution
		HideSolutionNode = FALSE
	EndGlobalSection
	GlobalSection(ExtensibilityGlobals) = postSolution
		SolutionGuid = {6DF1D666-ADD2-4866-A623-3BB84D79BC02}
	EndGlobalSection
EndGlobal
